
Microsoft Visual Studio Solution File, Format Version 12.00
# Visual Studio 15
VisualStudioVersion = 15.0.26124.0
MinimumVisualStudioVersion = 15.0.26124.0
Project("{2150E333-8FDC-42A3-9474-1A3956D46DE8}") = "src", "src", "{8D7D4EC5-AE27-4678-83AA-E740F9C7845A}"
EndProject
Project("{FAE04EC0-301F-11D3-BF4B-00C04F79EFBC}") = "GradeBook", "src\GradeBook\GradeBook.csproj", "{7893E922-7E72-4EF8-AE96-52441EAA1F97}"
EndProject
Project("{2150E333-8FDC-42A3-9474-1A3956D46DE8}") = "test", "test", "{1D31C5B0-C8D1-45A8-A6D1-9CC7A989BC78}"
EndProject
Project("{FAE04EC0-301F-11D3-BF4B-00C04F79EFBC}") = "GradeBook.Tests", "test\Gradebook.Tests\GradeBook.Tests.csproj", "{64138FC5-1A17-451A-BD0E-F142FE587E5A}"
EndProject
Global
	GlobalSection(SolutionConfigurationPlatforms) = preSolution
		Debug|Any CPU = Debug|Any CPU
		Debug|x64 = Debug|x64
		Debug|x86 = Debug|x86
		Release|Any CPU = Release|Any CPU
		Release|x64 = Release|x64
		Release|x86 = Release|x86
	EndGlobalSection
	GlobalSection(SolutionProperties) = preSolution
		HideSolutionNode = FALSE
	EndGlobalSection
	GlobalSection(ProjectConfigurationPlatforms) = postSolution
		{7893E922-7E72-4EF8-AE96-52441EAA1F97}.Debug|Any CPU.ActiveCfg = Debug|Any CPU
		{7893E922-7E72-4EF8-AE96-52441EAA1F97}.Debug|Any CPU.Build.0 = Debug|Any CPU
		{7893E922-7E72-4EF8-AE96-52441EAA1F97}.Debug|x64.ActiveCfg = Debug|Any CPU
		{7893E922-7E72-4EF8-AE96-52441EAA1F97}.Debug|x64.Build.0 = Debug|Any CPU
		{7893E922-7E72-4EF8-AE96-52441EAA1F97}.Debug|x86.ActiveCfg = Debug|Any CPU
		{7893E922-7E72-4EF8-AE96-52441EAA1F97}.Debug|x86.Build.0 = Debug|Any CPU
		{7893E922-7E72-4EF8-AE96-52441EAA1F97}.Release|Any CPU.ActiveCfg = Release|Any CPU
		{7893E922-7E72-4EF8-AE96-52441EAA1F97}.Release|Any CPU.Build.0 = Release|Any CPU
		{7893E922-7E72-4EF8-AE96-52441EAA1F97}.Release|x64.ActiveCfg = Release|Any CPU
		{7893E922-7E72-4EF8-AE96-52441EAA1F97}.Release|x64.Build.0 = Release|Any CPU
		{7893E922-7E72-4EF8-AE96-52441EAA1F97}.Release|x86.ActiveCfg = Release|Any CPU
		{7893E922-7E72-4EF8-AE96-52441EAA1F97}.Release|x86.Build.0 = Release|Any CPU
		{64138FC5-1A17-451A-BD0E-F142FE587E5A}.Debug|Any CPU.ActiveCfg = Debug|Any CPU
		{64138FC5-1A17-451A-BD0E-F142FE587E5A}.Debug|Any CPU.Build.0 = Debug|Any CPU
		{64138FC5-1A17-451A-BD0E-F142FE587E5A}.Debug|x64.ActiveCfg = Debug|Any CPU
		{64138FC5-1A17-451A-BD0E-F142FE587E5A}.Debug|x64.Build.0 = Debug|Any CPU
		{64138FC5-1A17-451A-BD0E-F142FE587E5A}.Debug|x86.ActiveCfg = Debug|Any CPU
		{64138FC5-1A17-451A-BD0E-F142FE587E5A}.Debug|x86.Build.0 = Debug|Any CPU
		{64138FC5-1A17-451A-BD0E-F142FE587E5A}.Release|Any CPU.ActiveCfg = Release|Any CPU
		{64138FC5-1A17-451A-BD0E-F142FE587E5A}.Release|Any CPU.Build.0 = Release|Any CPU
		{64138FC5-1A17-451A-BD0E-F142FE587E5A}.Release|x64.ActiveCfg = Release|Any CPU
		{64138FC5-1A17-451A-BD0E-F142FE587E5A}.Release|x64.Build.0 = Release|Any CPU
		{64138FC5-1A17-451A-BD0E-F142FE587E5A}.Release|x86.ActiveCfg = Release|Any CPU
		{64138FC5-1A17-451A-BD0E-F142FE587E5A}.Release|x86.Build.0 = Release|Any CPU
	EndGlobalSection
	GlobalSection(NestedProjects) = preSolution
		{7893E922-7E72-4EF8-AE96-52441EAA1F97} = {8D7D4EC5-AE27-4678-83AA-E740F9C7845A}
		{64138FC5-1A17-451A-BD0E-F142FE587E5A} = {1D31C5B0-C8D1-45A8-A6D1-9CC7A989BC78}
	EndGlobalSection
EndGlobal
